
Microsoft Visual Studio Solution File, Format Version 12.00
# Visual Studio Version 16
VisualStudioVersion = 16.0.29926.136
MinimumVisualStudioVersion = 10.0.40219.1
Project("{8BC9CEB8-8B4A-11D0-8D11-00A0C91BC942}") = "P1001", "P1001\P1001.vcxproj", "{377C77E1-A904-4F36-B151-8869B763BD32}"
EndProject
Project("{8BC9CEB8-8B4A-11D0-8D11-00A0C91BC942}") = "P1000", "P1000\P1000.vcxproj", "{18EE81EF-560D-45BC-8075-49A95FF045CB}"
EndProject
Project("{8BC9CEB8-8B4A-11D0-8D11-00A0C91BC942}") = "P5703", "P5703\P5703.vcxproj", "{4E4BA2B7-97C8-4E70-ADE4-827F957AA36D}"
EndProject
Project("{8BC9CEB8-8B4A-11D0-8D11-00A0C91BC942}") = "P5704", "P5704\P5704.vcxproj", "{823010E7-5C81-4369-B24D-6EA9B084258C}"
EndProject
Project("{8BC9CEB8-8B4A-11D0-8D11-00A0C91BC942}") = "P5705", "P5705\P5705.vcxproj", "{3AD91C5C-41C0-4879-B089-0DDAFF426A46}"
EndProject
Project("{8BC9CEB8-8B4A-11D0-8D11-00A0C91BC942}") = "P5706", "P5706\P5706.vcxproj", "{C7EFFAA3-DD61-44A8-BB86-929A73C19933}"
EndProject
Project("{8BC9CEB8-8B4A-11D0-8D11-00A0C91BC942}") = "P1425", "P1425\P1425.vcxproj", "{CA488518-F3EB-4AC3-A9D9-532A4A37501D}"
EndProject
Project("{8BC9CEB8-8B4A-11D0-8D11-00A0C91BC942}") = "P2433", "P2433\P2433.vcxproj", "{97F47A93-7C41-4BD1-A76E-CF6F2ED6F756}"
EndProject
Project("{8BC9CEB8-8B4A-11D0-8D11-00A0C91BC942}") = "P5708", "P5708\P5708.vcxproj", "{0C74C53D-83C3-4671-ADB7-57D67B06BD0D}"
EndProject
Project("{8BC9CEB8-8B4A-11D0-8D11-00A0C91BC942}") = "P1421", "P1421\P1421.vcxproj", "{486288C3-936B-47BA-8DB4-C7D6C8ED9DCE}"
EndProject
Project("{8BC9CEB8-8B4A-11D0-8D11-00A0C91BC942}") = "P5709", "P5709\P5709.vcxproj", "{2CF446D3-701D-44D8-A254-95270E127EDD}"
EndProject
Project("{8BC9CEB8-8B4A-11D0-8D11-00A0C91BC942}") = "P2181", "P2181\P2181.vcxproj", "{0F7FE172-9B21-46E9-8C1F-CA7F9A2F25B8}"
EndProject
Project("{8BC9CEB8-8B4A-11D0-8D11-00A0C91BC942}") = "P5710", "P5710\P5710.vcxproj", "{1B8A9F47-8086-43EE-BBD9-2C5E2DD0106F}"
EndProject
Project("{8BC9CEB8-8B4A-11D0-8D11-00A0C91BC942}") = "P5711", "P5711\P5711.vcxproj", "{F5D05D49-6AE2-4139-863F-5E25B5E17CAF}"
EndProject
Project("{2150E333-8FDC-42A3-9474-1A3956D46DE8}") = "Solution Items", "Solution Items", "{BE9497CA-02A5-4E8B-805F-381B9C3CD72F}"
	ProjectSection(SolutionItems) = preProject
		readme.md = readme.md
	EndProjectSection
EndProject
Project("{8BC9CEB8-8B4A-11D0-8D11-00A0C91BC942}") = "P5712", "P5712\P5712.vcxproj", "{575BD603-84CF-4721-BD40-9DFF0DAEACD0}"
EndProject
Project("{8BC9CEB8-8B4A-11D0-8D11-00A0C91BC942}") = "P1216", "P1216\P1216.vcxproj", "{5DAE32E5-4EC4-4C19-A5FE-91536E71F52A}"
EndProject
Project("{8BC9CEB8-8B4A-11D0-8D11-00A0C91BC942}") = "P5713", "P5713\P5713.vcxproj", "{3D22B407-ADC6-4649-A905-DF197A736CF2}"
EndProject
Project("{8BC9CEB8-8B4A-11D0-8D11-00A0C91BC942}") = "P1434", "P1434\P1434.vcxproj", "{78B27BF2-1806-490E-9D53-9B19A86B26F1}"
EndProject
Project("{8BC9CEB8-8B4A-11D0-8D11-00A0C91BC942}") = "P5714", "P5714\P5714.vcxproj", "{BDD8C6D0-CC68-4D3E-A5B4-3FA2FEC002E0}"
EndProject
Project("{8BC9CEB8-8B4A-11D0-8D11-00A0C91BC942}") = "P2196", "P2196\P2196.vcxproj", "{FFF521E2-A59C-4927-AB0A-4B6570B1A9BA}"
EndProject
Project("{8BC9CEB8-8B4A-11D0-8D11-00A0C91BC942}") = "P4017", "P4017\P4017.vcxproj", "{277FEC8B-895B-4036-B736-7633F43A61D2}"
EndProject
Project("{8BC9CEB8-8B4A-11D0-8D11-00A0C91BC942}") = "P1048", "P1048\P1048.vcxproj", "{BA44C095-28AB-4995-9024-8B57EA5E612F}"
EndProject
Project("{8BC9CEB8-8B4A-11D0-8D11-00A0C91BC942}") = "P1802", "P1802\P1802.vcxproj", "{D4393215-D0F4-48E5-9C7A-B9EB0CD39402}"
EndProject
Project("{8BC9CEB8-8B4A-11D0-8D11-00A0C91BC942}") = "P1616", "P1616\P1616.vcxproj", "{D5BEDBD2-264C-4478-91D9-A4D9C4ED1644}"
EndProject
Project("{8BC9CEB8-8B4A-11D0-8D11-00A0C91BC942}") = "P5715", "P5715\P5715.vcxproj", "{42E8BB0F-0C8B-4B17-A44C-259D6A58ED5E}"
EndProject
Project("{8BC9CEB8-8B4A-11D0-8D11-00A0C91BC942}") = "P5716", "P5716\P5716.vcxproj", "{FE405D08-FD51-4BE9-A2A7-16144F4F53B9}"
EndProject
Project("{8BC9CEB8-8B4A-11D0-8D11-00A0C91BC942}") = "P1002", "P1002\P1002.vcxproj", "{57A2DD66-24E7-4343-BBC2-F7B1068DB84E}"
EndProject
Project("{8BC9CEB8-8B4A-11D0-8D11-00A0C91BC942}") = "P1085", "P1085\P1085.vcxproj", "{F75F75A2-9E05-4155-8EA2-DAB9010FE9F9}"
EndProject
Project("{8BC9CEB8-8B4A-11D0-8D11-00A0C91BC942}") = "P1909", "P1909\P1909.vcxproj", "{8D134A27-18A6-41C4-932F-77D61162C5C1}"
EndProject
Project("{8BC9CEB8-8B4A-11D0-8D11-00A0C91BC942}") = "P1055", "P1055\P1055.vcxproj", "{AF500644-FDDE-4BD6-9663-28240A881E43}"
EndProject
Project("{8BC9CEB8-8B4A-11D0-8D11-00A0C91BC942}") = "P6473", "P6473\P6473.vcxproj", "{DF93B0FF-D313-430F-972C-D1DF9B37657A}"
EndProject
Project("{8BC9CEB8-8B4A-11D0-8D11-00A0C91BC942}") = "P6475", "P6475\P6475.vcxproj", "{5C9FF494-779E-4C7B-B7DE-2BFDBB08605C}"
EndProject
Project("{8BC9CEB8-8B4A-11D0-8D11-00A0C91BC942}") = "P3811", "P3811\P3811.vcxproj", "{2FD46F8F-2904-4F75-8120-0EFF2C3B1540}"
EndProject
Project("{8BC9CEB8-8B4A-11D0-8D11-00A0C91BC942}") = "P3613", "P3613\P3613.vcxproj", "{686671BC-B4A6-4714-82E1-3BDA86FA77DD}"
EndProject
Project("{8BC9CEB8-8B4A-11D0-8D11-00A0C91BC942}") = "P1449", "P1449\P1449.vcxproj", "{75EF33B7-0C30-4118-B2BA-61AE0F5A8A99}"
EndProject
Global
	GlobalSection(SolutionConfigurationPlatforms) = preSolution
		Debug|x64 = Debug|x64
		Debug|x86 = Debug|x86
		Release|x64 = Release|x64
		Release|x86 = Release|x86
	EndGlobalSection
	GlobalSection(ProjectConfigurationPlatforms) = postSolution
		{377C77E1-A904-4F36-B151-8869B763BD32}.Debug|x64.ActiveCfg = Debug|x64
		{377C77E1-A904-4F36-B151-8869B763BD32}.Debug|x64.Build.0 = Debug|x64
		{377C77E1-A904-4F36-B151-8869B763BD32}.Debug|x86.ActiveCfg = Debug|Win32
		{377C77E1-A904-4F36-B151-8869B763BD32}.Debug|x86.Build.0 = Debug|Win32
		{377C77E1-A904-4F36-B151-8869B763BD32}.Release|x64.ActiveCfg = Release|x64
		{377C77E1-A904-4F36-B151-8869B763BD32}.Release|x64.Build.0 = Release|x64
		{377C77E1-A904-4F36-B151-8869B763BD32}.Release|x86.ActiveCfg = Release|Win32
		{377C77E1-A904-4F36-B151-8869B763BD32}.Release|x86.Build.0 = Release|Win32
		{18EE81EF-560D-45BC-8075-49A95FF045CB}.Debug|x64.ActiveCfg = Debug|x64
		{18EE81EF-560D-45BC-8075-49A95FF045CB}.Debug|x64.Build.0 = Debug|x64
		{18EE81EF-560D-45BC-8075-49A95FF045CB}.Debug|x86.ActiveCfg = Debug|Win32
		{18EE81EF-560D-45BC-8075-49A95FF045CB}.Debug|x86.Build.0 = Debug|Win32
		{18EE81EF-560D-45BC-8075-49A95FF045CB}.Release|x64.ActiveCfg = Release|x64
		{18EE81EF-560D-45BC-8075-49A95FF045CB}.Release|x64.Build.0 = Release|x64
		{18EE81EF-560D-45BC-8075-49A95FF045CB}.Release|x86.ActiveCfg = Release|Win32
		{18EE81EF-560D-45BC-8075-49A95FF045CB}.Release|x86.Build.0 = Release|Win32
		{4E4BA2B7-97C8-4E70-ADE4-827F957AA36D}.Debug|x64.ActiveCfg = Debug|x64
		{4E4BA2B7-97C8-4E70-ADE4-827F957AA36D}.Debug|x64.Build.0 = Debug|x64
		{4E4BA2B7-97C8-4E70-ADE4-827F957AA36D}.Debug|x86.ActiveCfg = Debug|Win32
		{4E4BA2B7-97C8-4E70-ADE4-827F957AA36D}.Debug|x86.Build.0 = Debug|Win32
		{4E4BA2B7-97C8-4E70-ADE4-827F957AA36D}.Release|x64.ActiveCfg = Release|x64
		{4E4BA2B7-97C8-4E70-ADE4-827F957AA36D}.Release|x64.Build.0 = Release|x64
		{4E4BA2B7-97C8-4E70-ADE4-827F957AA36D}.Release|x86.ActiveCfg = Release|Win32
		{4E4BA2B7-97C8-4E70-ADE4-827F957AA36D}.Release|x86.Build.0 = Release|Win32
		{823010E7-5C81-4369-B24D-6EA9B084258C}.Debug|x64.ActiveCfg = Debug|x64
		{823010E7-5C81-4369-B24D-6EA9B084258C}.Debug|x64.Build.0 = Debug|x64
		{823010E7-5C81-4369-B24D-6EA9B084258C}.Debug|x86.ActiveCfg = Debug|Win32
		{823010E7-5C81-4369-B24D-6EA9B084258C}.Debug|x86.Build.0 = Debug|Win32
		{823010E7-5C81-4369-B24D-6EA9B084258C}.Release|x64.ActiveCfg = Release|x64
		{823010E7-5C81-4369-B24D-6EA9B084258C}.Release|x64.Build.0 = Release|x64
		{823010E7-5C81-4369-B24D-6EA9B084258C}.Release|x86.ActiveCfg = Release|Win32
		{823010E7-5C81-4369-B24D-6EA9B084258C}.Release|x86.Build.0 = Release|Win32
		{3AD91C5C-41C0-4879-B089-0DDAFF426A46}.Debug|x64.ActiveCfg = Debug|x64
		{3AD91C5C-41C0-4879-B089-0DDAFF426A46}.Debug|x64.Build.0 = Debug|x64
		{3AD91C5C-41C0-4879-B089-0DDAFF426A46}.Debug|x86.ActiveCfg = Debug|Win32
		{3AD91C5C-41C0-4879-B089-0DDAFF426A46}.Debug|x86.Build.0 = Debug|Win32
		{3AD91C5C-41C0-4879-B089-0DDAFF426A46}.Release|x64.ActiveCfg = Release|x64
		{3AD91C5C-41C0-4879-B089-0DDAFF426A46}.Release|x64.Build.0 = Release|x64
		{3AD91C5C-41C0-4879-B089-0DDAFF426A46}.Release|x86.ActiveCfg = Release|Win32
		{3AD91C5C-41C0-4879-B089-0DDAFF426A46}.Release|x86.Build.0 = Release|Win32
		{C7EFFAA3-DD61-44A8-BB86-929A73C19933}.Debug|x64.ActiveCfg = Debug|x64
		{C7EFFAA3-DD61-44A8-BB86-929A73C19933}.Debug|x64.Build.0 = Debug|x64
		{C7EFFAA3-DD61-44A8-BB86-929A73C19933}.Debug|x86.ActiveCfg = Debug|Win32
		{C7EFFAA3-DD61-44A8-BB86-929A73C19933}.Debug|x86.Build.0 = Debug|Win32
		{C7EFFAA3-DD61-44A8-BB86-929A73C19933}.Release|x64.ActiveCfg = Release|x64
		{C7EFFAA3-DD61-44A8-BB86-929A73C19933}.Release|x64.Build.0 = Release|x64
		{C7EFFAA3-DD61-44A8-BB86-929A73C19933}.Release|x86.ActiveCfg = Release|Win32
		{C7EFFAA3-DD61-44A8-BB86-929A73C19933}.Release|x86.Build.0 = Release|Win32
		{CA488518-F3EB-4AC3-A9D9-532A4A37501D}.Debug|x64.ActiveCfg = Debug|x64
		{CA488518-F3EB-4AC3-A9D9-532A4A37501D}.Debug|x64.Build.0 = Debug|x64
		{CA488518-F3EB-4AC3-A9D9-532A4A37501D}.Debug|x86.ActiveCfg = Debug|Win32
		{CA488518-F3EB-4AC3-A9D9-532A4A37501D}.Debug|x86.Build.0 = Debug|Win32
		{CA488518-F3EB-4AC3-A9D9-532A4A37501D}.Release|x64.ActiveCfg = Release|x64
		{CA488518-F3EB-4AC3-A9D9-532A4A37501D}.Release|x64.Build.0 = Release|x64
		{CA488518-F3EB-4AC3-A9D9-532A4A37501D}.Release|x86.ActiveCfg = Release|Win32
		{CA488518-F3EB-4AC3-A9D9-532A4A37501D}.Release|x86.Build.0 = Release|Win32
		{97F47A93-7C41-4BD1-A76E-CF6F2ED6F756}.Debug|x64.ActiveCfg = Debug|x64
		{97F47A93-7C41-4BD1-A76E-CF6F2ED6F756}.Debug|x64.Build.0 = Debug|x64
		{97F47A93-7C41-4BD1-A76E-CF6F2ED6F756}.Debug|x86.ActiveCfg = Debug|Win32
		{97F47A93-7C41-4BD1-A76E-CF6F2ED6F756}.Debug|x86.Build.0 = Debug|Win32
		{97F47A93-7C41-4BD1-A76E-CF6F2ED6F756}.Release|x64.ActiveCfg = Release|x64
		{97F47A93-7C41-4BD1-A76E-CF6F2ED6F756}.Release|x64.Build.0 = Release|x64
		{97F47A93-7C41-4BD1-A76E-CF6F2ED6F756}.Release|x86.ActiveCfg = Release|Win32
		{97F47A93-7C41-4BD1-A76E-CF6F2ED6F756}.Release|x86.Build.0 = Release|Win32
		{0C74C53D-83C3-4671-ADB7-57D67B06BD0D}.Debug|x64.ActiveCfg = Debug|x64
		{0C74C53D-83C3-4671-ADB7-57D67B06BD0D}.Debug|x64.Build.0 = Debug|x64
		{0C74C53D-83C3-4671-ADB7-57D67B06BD0D}.Debug|x86.ActiveCfg = Debug|Win32
		{0C74C53D-83C3-4671-ADB7-57D67B06BD0D}.Debug|x86.Build.0 = Debug|Win32
		{0C74C53D-83C3-4671-ADB7-57D67B06BD0D}.Release|x64.ActiveCfg = Release|x64
		{0C74C53D-83C3-4671-ADB7-57D67B06BD0D}.Release|x64.Build.0 = Release|x64
		{0C74C53D-83C3-4671-ADB7-57D67B06BD0D}.Release|x86.ActiveCfg = Release|Win32
		{0C74C53D-83C3-4671-ADB7-57D67B06BD0D}.Release|x86.Build.0 = Release|Win32
		{486288C3-936B-47BA-8DB4-C7D6C8ED9DCE}.Debug|x64.ActiveCfg = Debug|x64
		{486288C3-936B-47BA-8DB4-C7D6C8ED9DCE}.Debug|x64.Build.0 = Debug|x64
		{486288C3-936B-47BA-8DB4-C7D6C8ED9DCE}.Debug|x86.ActiveCfg = Debug|Win32
		{486288C3-936B-47BA-8DB4-C7D6C8ED9DCE}.Debug|x86.Build.0 = Debug|Win32
		{486288C3-936B-47BA-8DB4-C7D6C8ED9DCE}.Release|x64.ActiveCfg = Release|x64
		{486288C3-936B-47BA-8DB4-C7D6C8ED9DCE}.Release|x64.Build.0 = Release|x64
		{486288C3-936B-47BA-8DB4-C7D6C8ED9DCE}.Release|x86.ActiveCfg = Release|Win32
		{486288C3-936B-47BA-8DB4-C7D6C8ED9DCE}.Release|x86.Build.0 = Release|Win32
		{2CF446D3-701D-44D8-A254-95270E127EDD}.Debug|x64.ActiveCfg = Debug|x64
		{2CF446D3-701D-44D8-A254-95270E127EDD}.Debug|x64.Build.0 = Debug|x64
		{2CF446D3-701D-44D8-A254-95270E127EDD}.Debug|x86.ActiveCfg = Debug|Win32
		{2CF446D3-701D-44D8-A254-95270E127EDD}.Debug|x86.Build.0 = Debug|Win32
		{2CF446D3-701D-44D8-A254-95270E127EDD}.Release|x64.ActiveCfg = Release|x64
		{2CF446D3-701D-44D8-A254-95270E127EDD}.Release|x64.Build.0 = Release|x64
		{2CF446D3-701D-44D8-A254-95270E127EDD}.Release|x86.ActiveCfg = Release|Win32
		{2CF446D3-701D-44D8-A254-95270E127EDD}.Release|x86.Build.0 = Release|Win32
		{0F7FE172-9B21-46E9-8C1F-CA7F9A2F25B8}.Debug|x64.ActiveCfg = Debug|x64
		{0F7FE172-9B21-46E9-8C1F-CA7F9A2F25B8}.Debug|x64.Build.0 = Debug|x64
		{0F7FE172-9B21-46E9-8C1F-CA7F9A2F25B8}.Debug|x86.ActiveCfg = Debug|Win32
		{0F7FE172-9B21-46E9-8C1F-CA7F9A2F25B8}.Debug|x86.Build.0 = Debug|Win32
		{0F7FE172-9B21-46E9-8C1F-CA7F9A2F25B8}.Release|x64.ActiveCfg = Release|x64
		{0F7FE172-9B21-46E9-8C1F-CA7F9A2F25B8}.Release|x64.Build.0 = Release|x64
		{0F7FE172-9B21-46E9-8C1F-CA7F9A2F25B8}.Release|x86.ActiveCfg = Release|Win32
		{0F7FE172-9B21-46E9-8C1F-CA7F9A2F25B8}.Release|x86.Build.0 = Release|Win32
		{1B8A9F47-8086-43EE-BBD9-2C5E2DD0106F}.Debug|x64.ActiveCfg = Debug|x64
		{1B8A9F47-8086-43EE-BBD9-2C5E2DD0106F}.Debug|x64.Build.0 = Debug|x64
		{1B8A9F47-8086-43EE-BBD9-2C5E2DD0106F}.Debug|x86.ActiveCfg = Debug|Win32
		{1B8A9F47-8086-43EE-BBD9-2C5E2DD0106F}.Debug|x86.Build.0 = Debug|Win32
		{1B8A9F47-8086-43EE-BBD9-2C5E2DD0106F}.Release|x64.ActiveCfg = Release|x64
		{1B8A9F47-8086-43EE-BBD9-2C5E2DD0106F}.Release|x64.Build.0 = Release|x64
		{1B8A9F47-8086-43EE-BBD9-2C5E2DD0106F}.Release|x86.ActiveCfg = Release|Win32
		{1B8A9F47-8086-43EE-BBD9-2C5E2DD0106F}.Release|x86.Build.0 = Release|Win32
		{F5D05D49-6AE2-4139-863F-5E25B5E17CAF}.Debug|x64.ActiveCfg = Debug|x64
		{F5D05D49-6AE2-4139-863F-5E25B5E17CAF}.Debug|x64.Build.0 = Debug|x64
		{F5D05D49-6AE2-4139-863F-5E25B5E17CAF}.Debug|x86.ActiveCfg = Debug|Win32
		{F5D05D49-6AE2-4139-863F-5E25B5E17CAF}.Debug|x86.Build.0 = Debug|Win32
		{F5D05D49-6AE2-4139-863F-5E25B5E17CAF}.Release|x64.ActiveCfg = Release|x64
		{F5D05D49-6AE2-4139-863F-5E25B5E17CAF}.Release|x64.Build.0 = Release|x64
		{F5D05D49-6AE2-4139-863F-5E25B5E17CAF}.Release|x86.ActiveCfg = Release|Win32
		{F5D05D49-6AE2-4139-863F-5E25B5E17CAF}.Release|x86.Build.0 = Release|Win32
		{575BD603-84CF-4721-BD40-9DFF0DAEACD0}.Debug|x64.ActiveCfg = Debug|x64
		{575BD603-84CF-4721-BD40-9DFF0DAEACD0}.Debug|x64.Build.0 = Debug|x64
		{575BD603-84CF-4721-BD40-9DFF0DAEACD0}.Debug|x86.ActiveCfg = Debug|Win32
		{575BD603-84CF-4721-BD40-9DFF0DAEACD0}.Debug|x86.Build.0 = Debug|Win32
		{575BD603-84CF-4721-BD40-9DFF0DAEACD0}.Release|x64.ActiveCfg = Release|x64
		{575BD603-84CF-4721-BD40-9DFF0DAEACD0}.Release|x64.Build.0 = Release|x64
		{575BD603-84CF-4721-BD40-9DFF0DAEACD0}.Release|x86.ActiveCfg = Release|Win32
		{575BD603-84CF-4721-BD40-9DFF0DAEACD0}.Release|x86.Build.0 = Release|Win32
		{5DAE32E5-4EC4-4C19-A5FE-91536E71F52A}.Debug|x64.ActiveCfg = Debug|x64
		{5DAE32E5-4EC4-4C19-A5FE-91536E71F52A}.Debug|x64.Build.0 = Debug|x64
		{5DAE32E5-4EC4-4C19-A5FE-91536E71F52A}.Debug|x86.ActiveCfg = Debug|Win32
		{5DAE32E5-4EC4-4C19-A5FE-91536E71F52A}.Debug|x86.Build.0 = Debug|Win32
		{5DAE32E5-4EC4-4C19-A5FE-91536E71F52A}.Release|x64.ActiveCfg = Release|x64
		{5DAE32E5-4EC4-4C19-A5FE-91536E71F52A}.Release|x64.Build.0 = Release|x64
		{5DAE32E5-4EC4-4C19-A5FE-91536E71F52A}.Release|x86.ActiveCfg = Release|Win32
		{5DAE32E5-4EC4-4C19-A5FE-91536E71F52A}.Release|x86.Build.0 = Release|Win32
		{3D22B407-ADC6-4649-A905-DF197A736CF2}.Debug|x64.ActiveCfg = Debug|x64
		{3D22B407-ADC6-4649-A905-DF197A736CF2}.Debug|x64.Build.0 = Debug|x64
		{3D22B407-ADC6-4649-A905-DF197A736CF2}.Debug|x86.ActiveCfg = Debug|Win32
		{3D22B407-ADC6-4649-A905-DF197A736CF2}.Debug|x86.Build.0 = Debug|Win32
		{3D22B407-ADC6-4649-A905-DF197A736CF2}.Release|x64.ActiveCfg = Release|x64
		{3D22B407-ADC6-4649-A905-DF197A736CF2}.Release|x64.Build.0 = Release|x64
		{3D22B407-ADC6-4649-A905-DF197A736CF2}.Release|x86.ActiveCfg = Release|Win32
		{3D22B407-ADC6-4649-A905-DF197A736CF2}.Release|x86.Build.0 = Release|Win32
		{78B27BF2-1806-490E-9D53-9B19A86B26F1}.Debug|x64.ActiveCfg = Debug|x64
		{78B27BF2-1806-490E-9D53-9B19A86B26F1}.Debug|x64.Build.0 = Debug|x64
		{78B27BF2-1806-490E-9D53-9B19A86B26F1}.Debug|x86.ActiveCfg = Debug|Win32
		{78B27BF2-1806-490E-9D53-9B19A86B26F1}.Debug|x86.Build.0 = Debug|Win32
		{78B27BF2-1806-490E-9D53-9B19A86B26F1}.Release|x64.ActiveCfg = Release|x64
		{78B27BF2-1806-490E-9D53-9B19A86B26F1}.Release|x64.Build.0 = Release|x64
		{78B27BF2-1806-490E-9D53-9B19A86B26F1}.Release|x86.ActiveCfg = Release|Win32
		{78B27BF2-1806-490E-9D53-9B19A86B26F1}.Release|x86.Build.0 = Release|Win32
		{BDD8C6D0-CC68-4D3E-A5B4-3FA2FEC002E0}.Debug|x64.ActiveCfg = Debug|x64
		{BDD8C6D0-CC68-4D3E-A5B4-3FA2FEC002E0}.Debug|x64.Build.0 = Debug|x64
		{BDD8C6D0-CC68-4D3E-A5B4-3FA2FEC002E0}.Debug|x86.ActiveCfg = Debug|Win32
		{BDD8C6D0-CC68-4D3E-A5B4-3FA2FEC002E0}.Debug|x86.Build.0 = Debug|Win32
		{BDD8C6D0-CC68-4D3E-A5B4-3FA2FEC002E0}.Release|x64.ActiveCfg = Release|x64
		{BDD8C6D0-CC68-4D3E-A5B4-3FA2FEC002E0}.Release|x64.Build.0 = Release|x64
		{BDD8C6D0-CC68-4D3E-A5B4-3FA2FEC002E0}.Release|x86.ActiveCfg = Release|Win32
		{BDD8C6D0-CC68-4D3E-A5B4-3FA2FEC002E0}.Release|x86.Build.0 = Release|Win32
		{FFF521E2-A59C-4927-AB0A-4B6570B1A9BA}.Debug|x64.ActiveCfg = Debug|x64
		{FFF521E2-A59C-4927-AB0A-4B6570B1A9BA}.Debug|x64.Build.0 = Debug|x64
		{FFF521E2-A59C-4927-AB0A-4B6570B1A9BA}.Debug|x86.ActiveCfg = Debug|Win32
		{FFF521E2-A59C-4927-AB0A-4B6570B1A9BA}.Debug|x86.Build.0 = Debug|Win32
		{FFF521E2-A59C-4927-AB0A-4B6570B1A9BA}.Release|x64.ActiveCfg = Release|x64
		{FFF521E2-A59C-4927-AB0A-4B6570B1A9BA}.Release|x64.Build.0 = Release|x64
		{FFF521E2-A59C-4927-AB0A-4B6570B1A9BA}.Release|x86.ActiveCfg = Release|Win32
		{FFF521E2-A59C-4927-AB0A-4B6570B1A9BA}.Release|x86.Build.0 = Release|Win32
		{277FEC8B-895B-4036-B736-7633F43A61D2}.Debug|x64.ActiveCfg = Debug|x64
		{277FEC8B-895B-4036-B736-7633F43A61D2}.Debug|x64.Build.0 = Debug|x64
		{277FEC8B-895B-4036-B736-7633F43A61D2}.Debug|x86.ActiveCfg = Debug|Win32
		{277FEC8B-895B-4036-B736-7633F43A61D2}.Debug|x86.Build.0 = Debug|Win32
		{277FEC8B-895B-4036-B736-7633F43A61D2}.Release|x64.ActiveCfg = Release|x64
		{277FEC8B-895B-4036-B736-7633F43A61D2}.Release|x64.Build.0 = Release|x64
		{277FEC8B-895B-4036-B736-7633F43A61D2}.Release|x86.ActiveCfg = Release|Win32
		{277FEC8B-895B-4036-B736-7633F43A61D2}.Release|x86.Build.0 = Release|Win32
		{BA44C095-28AB-4995-9024-8B57EA5E612F}.Debug|x64.ActiveCfg = Debug|x64
		{BA44C095-28AB-4995-9024-8B57EA5E612F}.Debug|x64.Build.0 = Debug|x64
		{BA44C095-28AB-4995-9024-8B57EA5E612F}.Debug|x86.ActiveCfg = Debug|Win32
		{BA44C095-28AB-4995-9024-8B57EA5E612F}.Debug|x86.Build.0 = Debug|Win32
		{BA44C095-28AB-4995-9024-8B57EA5E612F}.Release|x64.ActiveCfg = Release|x64
		{BA44C095-28AB-4995-9024-8B57EA5E612F}.Release|x64.Build.0 = Release|x64
		{BA44C095-28AB-4995-9024-8B57EA5E612F}.Release|x86.ActiveCfg = Release|Win32
		{BA44C095-28AB-4995-9024-8B57EA5E612F}.Release|x86.Build.0 = Release|Win32
		{D4393215-D0F4-48E5-9C7A-B9EB0CD39402}.Debug|x64.ActiveCfg = Debug|x64
		{D4393215-D0F4-48E5-9C7A-B9EB0CD39402}.Debug|x64.Build.0 = Debug|x64
		{D4393215-D0F4-48E5-9C7A-B9EB0CD39402}.Debug|x86.ActiveCfg = Debug|Win32
		{D4393215-D0F4-48E5-9C7A-B9EB0CD39402}.Debug|x86.Build.0 = Debug|Win32
		{D4393215-D0F4-48E5-9C7A-B9EB0CD39402}.Release|x64.ActiveCfg = Release|x64
		{D4393215-D0F4-48E5-9C7A-B9EB0CD39402}.Release|x64.Build.0 = Release|x64
		{D4393215-D0F4-48E5-9C7A-B9EB0CD39402}.Release|x86.ActiveCfg = Release|Win32
		{D4393215-D0F4-48E5-9C7A-B9EB0CD39402}.Release|x86.Build.0 = Release|Win32
		{D5BEDBD2-264C-4478-91D9-A4D9C4ED1644}.Debug|x64.ActiveCfg = Debug|x64
		{D5BEDBD2-264C-4478-91D9-A4D9C4ED1644}.Debug|x64.Build.0 = Debug|x64
		{D5BEDBD2-264C-4478-91D9-A4D9C4ED1644}.Debug|x86.ActiveCfg = Debug|Win32
		{D5BEDBD2-264C-4478-91D9-A4D9C4ED1644}.Debug|x86.Build.0 = Debug|Win32
		{D5BEDBD2-264C-4478-91D9-A4D9C4ED1644}.Release|x64.ActiveCfg = Release|x64
		{D5BEDBD2-264C-4478-91D9-A4D9C4ED1644}.Release|x64.Build.0 = Release|x64
		{D5BEDBD2-264C-4478-91D9-A4D9C4ED1644}.Release|x86.ActiveCfg = Release|Win32
		{D5BEDBD2-264C-4478-91D9-A4D9C4ED1644}.Release|x86.Build.0 = Release|Win32
		{42E8BB0F-0C8B-4B17-A44C-259D6A58ED5E}.Debug|x64.ActiveCfg = Debug|x64
		{42E8BB0F-0C8B-4B17-A44C-259D6A58ED5E}.Debug|x64.Build.0 = Debug|x64
		{42E8BB0F-0C8B-4B17-A44C-259D6A58ED5E}.Debug|x86.ActiveCfg = Debug|Win32
		{42E8BB0F-0C8B-4B17-A44C-259D6A58ED5E}.Debug|x86.Build.0 = Debug|Win32
		{42E8BB0F-0C8B-4B17-A44C-259D6A58ED5E}.Release|x64.ActiveCfg = Release|x64
		{42E8BB0F-0C8B-4B17-A44C-259D6A58ED5E}.Release|x64.Build.0 = Release|x64
		{42E8BB0F-0C8B-4B17-A44C-259D6A58ED5E}.Release|x86.ActiveCfg = Release|Win32
		{42E8BB0F-0C8B-4B17-A44C-259D6A58ED5E}.Release|x86.Build.0 = Release|Win32
		{FE405D08-FD51-4BE9-A2A7-16144F4F53B9}.Debug|x64.ActiveCfg = Debug|x64
		{FE405D08-FD51-4BE9-A2A7-16144F4F53B9}.Debug|x64.Build.0 = Debug|x64
		{FE405D08-FD51-4BE9-A2A7-16144F4F53B9}.Debug|x86.ActiveCfg = Debug|Win32
		{FE405D08-FD51-4BE9-A2A7-16144F4F53B9}.Debug|x86.Build.0 = Debug|Win32
		{FE405D08-FD51-4BE9-A2A7-16144F4F53B9}.Release|x64.ActiveCfg = Release|x64
		{FE405D08-FD51-4BE9-A2A7-16144F4F53B9}.Release|x64.Build.0 = Release|x64
		{FE405D08-FD51-4BE9-A2A7-16144F4F53B9}.Release|x86.ActiveCfg = Release|Win32
		{FE405D08-FD51-4BE9-A2A7-16144F4F53B9}.Release|x86.Build.0 = Release|Win32
		{57A2DD66-24E7-4343-BBC2-F7B1068DB84E}.Debug|x64.ActiveCfg = Debug|x64
		{57A2DD66-24E7-4343-BBC2-F7B1068DB84E}.Debug|x64.Build.0 = Debug|x64
		{57A2DD66-24E7-4343-BBC2-F7B1068DB84E}.Debug|x86.ActiveCfg = Debug|Win32
		{57A2DD66-24E7-4343-BBC2-F7B1068DB84E}.Debug|x86.Build.0 = Debug|Win32
		{57A2DD66-24E7-4343-BBC2-F7B1068DB84E}.Release|x64.ActiveCfg = Release|x64
		{57A2DD66-24E7-4343-BBC2-F7B1068DB84E}.Release|x64.Build.0 = Release|x64
		{57A2DD66-24E7-4343-BBC2-F7B1068DB84E}.Release|x86.ActiveCfg = Release|Win32
		{57A2DD66-24E7-4343-BBC2-F7B1068DB84E}.Release|x86.Build.0 = Release|Win32
		{F75F75A2-9E05-4155-8EA2-DAB9010FE9F9}.Debug|x64.ActiveCfg = Debug|x64
		{F75F75A2-9E05-4155-8EA2-DAB9010FE9F9}.Debug|x64.Build.0 = Debug|x64
		{F75F75A2-9E05-4155-8EA2-DAB9010FE9F9}.Debug|x86.ActiveCfg = Debug|Win32
		{F75F75A2-9E05-4155-8EA2-DAB9010FE9F9}.Debug|x86.Build.0 = Debug|Win32
		{F75F75A2-9E05-4155-8EA2-DAB9010FE9F9}.Release|x64.ActiveCfg = Release|x64
		{F75F75A2-9E05-4155-8EA2-DAB9010FE9F9}.Release|x64.Build.0 = Release|x64
		{F75F75A2-9E05-4155-8EA2-DAB9010FE9F9}.Release|x86.ActiveCfg = Release|Win32
		{F75F75A2-9E05-4155-8EA2-DAB9010FE9F9}.Release|x86.Build.0 = Release|Win32
		{8D134A27-18A6-41C4-932F-77D61162C5C1}.Debug|x64.ActiveCfg = Debug|x64
		{8D134A27-18A6-41C4-932F-77D61162C5C1}.Debug|x64.Build.0 = Debug|x64
		{8D134A27-18A6-41C4-932F-77D61162C5C1}.Debug|x86.ActiveCfg = Debug|Win32
		{8D134A27-18A6-41C4-932F-77D61162C5C1}.Debug|x86.Build.0 = Debug|Win32
		{8D134A27-18A6-41C4-932F-77D61162C5C1}.Release|x64.ActiveCfg = Release|x64
		{8D134A27-18A6-41C4-932F-77D61162C5C1}.Release|x64.Build.0 = Release|x64
		{8D134A27-18A6-41C4-932F-77D61162C5C1}.Release|x86.ActiveCfg = Release|Win32
		{8D134A27-18A6-41C4-932F-77D61162C5C1}.Release|x86.Build.0 = Release|Win32
		{AF500644-FDDE-4BD6-9663-28240A881E43}.Debug|x64.ActiveCfg = Debug|x64
		{AF500644-FDDE-4BD6-9663-28240A881E43}.Debug|x64.Build.0 = Debug|x64
		{AF500644-FDDE-4BD6-9663-28240A881E43}.Debug|x86.ActiveCfg = Debug|Win32
		{AF500644-FDDE-4BD6-9663-28240A881E43}.Debug|x86.Build.0 = Debug|Win32
		{AF500644-FDDE-4BD6-9663-28240A881E43}.Release|x64.ActiveCfg = Release|x64
		{AF500644-FDDE-4BD6-9663-28240A881E43}.Release|x64.Build.0 = Release|x64
		{AF500644-FDDE-4BD6-9663-28240A881E43}.Release|x86.ActiveCfg = Release|Win32
		{AF500644-FDDE-4BD6-9663-28240A881E43}.Release|x86.Build.0 = Release|Win32
		{DF93B0FF-D313-430F-972C-D1DF9B37657A}.Debug|x64.ActiveCfg = Debug|x64
		{DF93B0FF-D313-430F-972C-D1DF9B37657A}.Debug|x64.Build.0 = Debug|x64
		{DF93B0FF-D313-430F-972C-D1DF9B37657A}.Debug|x86.ActiveCfg = Debug|Win32
		{DF93B0FF-D313-430F-972C-D1DF9B37657A}.Debug|x86.Build.0 = Debug|Win32
		{DF93B0FF-D313-430F-972C-D1DF9B37657A}.Release|x64.ActiveCfg = Release|x64
		{DF93B0FF-D313-430F-972C-D1DF9B37657A}.Release|x64.Build.0 = Release|x64
		{DF93B0FF-D313-430F-972C-D1DF9B37657A}.Release|x86.ActiveCfg = Release|Win32
		{DF93B0FF-D313-430F-972C-D1DF9B37657A}.Release|x86.Build.0 = Release|Win32
		{5C9FF494-779E-4C7B-B7DE-2BFDBB08605C}.Debug|x64.ActiveCfg = Debug|x64
		{5C9FF494-779E-4C7B-B7DE-2BFDBB08605C}.Debug|x64.Build.0 = Debug|x64
		{5C9FF494-779E-4C7B-B7DE-2BFDBB08605C}.Debug|x86.ActiveCfg = Debug|Win32
		{5C9FF494-779E-4C7B-B7DE-2BFDBB08605C}.Debug|x86.Build.0 = Debug|Win32
		{5C9FF494-779E-4C7B-B7DE-2BFDBB08605C}.Release|x64.ActiveCfg = Release|x64
		{5C9FF494-779E-4C7B-B7DE-2BFDBB08605C}.Release|x64.Build.0 = Release|x64
		{5C9FF494-779E-4C7B-B7DE-2BFDBB08605C}.Release|x86.ActiveCfg = Release|Win32
		{5C9FF494-779E-4C7B-B7DE-2BFDBB08605C}.Release|x86.Build.0 = Release|Win32
		{2FD46F8F-2904-4F75-8120-0EFF2C3B1540}.Debug|x64.ActiveCfg = Debug|x64
		{2FD46F8F-2904-4F75-8120-0EFF2C3B1540}.Debug|x64.Build.0 = Debug|x64
		{2FD46F8F-2904-4F75-8120-0EFF2C3B1540}.Debug|x86.ActiveCfg = Debug|Win32
		{2FD46F8F-2904-4F75-8120-0EFF2C3B1540}.Debug|x86.Build.0 = Debug|Win32
		{2FD46F8F-2904-4F75-8120-0EFF2C3B1540}.Release|x64.ActiveCfg = Release|x64
		{2FD46F8F-2904-4F75-8120-0EFF2C3B1540}.Release|x64.Build.0 = Release|x64
		{2FD46F8F-2904-4F75-8120-0EFF2C3B1540}.Release|x86.ActiveCfg = Release|Win32
		{2FD46F8F-2904-4F75-8120-0EFF2C3B1540}.Release|x86.Build.0 = Release|Win32
		{686671BC-B4A6-4714-82E1-3BDA86FA77DD}.Debug|x64.ActiveCfg = Debug|x64
		{686671BC-B4A6-4714-82E1-3BDA86FA77DD}.Debug|x64.Build.0 = Debug|x64
		{686671BC-B4A6-4714-82E1-3BDA86FA77DD}.Debug|x86.ActiveCfg = Debug|Win32
		{686671BC-B4A6-4714-82E1-3BDA86FA77DD}.Debug|x86.Build.0 = Debug|Win32
		{686671BC-B4A6-4714-82E1-3BDA86FA77DD}.Release|x64.ActiveCfg = Release|x64
		{686671BC-B4A6-4714-82E1-3BDA86FA77DD}.Release|x64.Build.0 = Release|x64
		{686671BC-B4A6-4714-82E1-3BDA86FA77DD}.Release|x86.ActiveCfg = Release|Win32
		{686671BC-B4A6-4714-82E1-3BDA86FA77DD}.Release|x86.Build.0 = Release|Win32
		{75EF33B7-0C30-4118-B2BA-61AE0F5A8A99}.Debug|x64.ActiveCfg = Debug|x64
		{75EF33B7-0C30-4118-B2BA-61AE0F5A8A99}.Debug|x64.Build.0 = Debug|x64
		{75EF33B7-0C30-4118-B2BA-61AE0F5A8A99}.Debug|x86.ActiveCfg = Debug|Win32
		{75EF33B7-0C30-4118-B2BA-61AE0F5A8A99}.Debug|x86.Build.0 = Debug|Win32
		{75EF33B7-0C30-4118-B2BA-61AE0F5A8A99}.Release|x64.ActiveCfg = Release|x64
		{75EF33B7-0C30-4118-B2BA-61AE0F5A8A99}.Release|x64.Build.0 = Release|x64
		{75EF33B7-0C30-4118-B2BA-61AE0F5A8A99}.Release|x86.ActiveCfg = Release|Win32
		{75EF33B7-0C30-4118-B2BA-61AE0F5A8A99}.Release|x86.Build.0 = Release|Win32
	EndGlobalSection
	GlobalSection(SolutionProperties) = preSolution
		HideSolutionNode = FALSE
	EndGlobalSection
	GlobalSection(ExtensibilityGlobals) = postSolution
		SolutionGuid = {D7D05CED-191F-471B-9C6E-EABD38D61247}
	EndGlobalSection
EndGlobal
